// !$*UTF8*$!
{
	archiveVersion = 1;
	classes = {
	};
	objectVersion = 46;
	objects = {

/* Begin PBXBuildFile section */
		DE23460C1DF7241A0082CD7E /* AppDelegate.swift in Sources */ = {isa = PBXBuildFile; fileRef = DE23460B1DF7241A0082CD7E /* AppDelegate.swift */; };
		DE2346111DF7241A0082CD7E /* Main.storyboard in Resources */ = {isa = PBXBuildFile; fileRef = DE23460F1DF7241A0082CD7E /* Main.storyboard */; };
		DE2346131DF7241A0082CD7E /* Assets.xcassets in Resources */ = {isa = PBXBuildFile; fileRef = DE2346121DF7241A0082CD7E /* Assets.xcassets */; };
		DE2346161DF7241A0082CD7E /* LaunchScreen.storyboard in Resources */ = {isa = PBXBuildFile; fileRef = DE2346141DF7241A0082CD7E /* LaunchScreen.storyboard */; };
		DE23461E1DF724660082CD7E /* ContactsTableViewController.swift in Sources */ = {isa = PBXBuildFile; fileRef = DE23461D1DF724660082CD7E /* ContactsTableViewController.swift */; };
		DE2346241DF724C10082CD7E /* Contact.swift in Sources */ = {isa = PBXBuildFile; fileRef = DE2346231DF724C10082CD7E /* Contact.swift */; };
		DE65C38C1DF727A2006D448A /* APIManager.swift in Sources */ = {isa = PBXBuildFile; fileRef = DE65C38B1DF727A2006D448A /* APIManager.swift */; };
		DE65C38F1DF743E1006D448A /* AddContactViewController.swift in Sources */ = {isa = PBXBuildFile; fileRef = DE65C38E1DF743E1006D448A /* AddContactViewController.swift */; };
/* End PBXBuildFile section */

/* Begin PBXFileReference section */
		DE2346081DF7241A0082CD7E /* AC3.2-MidtermReview-Contacts.app */ = {isa = PBXFileReference; explicitFileType = wrapper.application; includeInIndex = 0; path = "AC3.2-MidtermReview-Contacts.app"; sourceTree = BUILT_PRODUCTS_DIR; };
		DE23460B1DF7241A0082CD7E /* AppDelegate.swift */ = {isa = PBXFileReference; lastKnownFileType = sourcecode.swift; path = AppDelegate.swift; sourceTree = "<group>"; };
		DE2346101DF7241A0082CD7E /* Base */ = {isa = PBXFileReference; lastKnownFileType = file.storyboard; name = Base; path = Base.lproj/Main.storyboard; sourceTree = "<group>"; };
		DE2346121DF7241A0082CD7E /* Assets.xcassets */ = {isa = PBXFileReference; lastKnownFileType = folder.assetcatalog; path = Assets.xcassets; sourceTree = "<group>"; };
		DE2346151DF7241A0082CD7E /* Base */ = {isa = PBXFileReference; lastKnownFileType = file.storyboard; name = Base; path = Base.lproj/LaunchScreen.storyboard; sourceTree = "<group>"; };
		DE2346171DF7241A0082CD7E /* Info.plist */ = {isa = PBXFileReference; lastKnownFileType = text.plist.xml; path = Info.plist; sourceTree = "<group>"; };
		DE23461D1DF724660082CD7E /* ContactsTableViewController.swift */ = {isa = PBXFileReference; fileEncoding = 4; lastKnownFileType = sourcecode.swift; path = ContactsTableViewController.swift; sourceTree = "<group>"; };
		DE2346231DF724C10082CD7E /* Contact.swift */ = {isa = PBXFileReference; fileEncoding = 4; lastKnownFileType = sourcecode.swift; path = Contact.swift; sourceTree = "<group>"; };
		DE65C38B1DF727A2006D448A /* APIManager.swift */ = {isa = PBXFileReference; fileEncoding = 4; lastKnownFileType = sourcecode.swift; path = APIManager.swift; sourceTree = "<group>"; };
		DE65C38E1DF743E1006D448A /* AddContactViewController.swift */ = {isa = PBXFileReference; fileEncoding = 4; lastKnownFileType = sourcecode.swift; path = AddContactViewController.swift; sourceTree = "<group>"; };
/* End PBXFileReference section */

/* Begin PBXFrameworksBuildPhase section */
		DE2346051DF7241A0082CD7E /* Frameworks */ = {
			isa = PBXFrameworksBuildPhase;
			buildActionMask = 2147483647;
			files = (
			);
			runOnlyForDeploymentPostprocessing = 0;
		};
/* End PBXFrameworksBuildPhase section */

/* Begin PBXGroup section */
		DE2345FF1DF7241A0082CD7E = {
			isa = PBXGroup;
			children = (
				DE23460A1DF7241A0082CD7E /* AC3.2-MidtermReview-Contacts */,
				DE2346091DF7241A0082CD7E /* Products */,
			);
			sourceTree = "<group>";
		};
		DE2346091DF7241A0082CD7E /* Products */ = {
			isa = PBXGroup;
			children = (
				DE2346081DF7241A0082CD7E /* AC3.2-MidtermReview-Contacts.app */,
			);
			name = Products;
			sourceTree = "<group>";
		};
		DE23460A1DF7241A0082CD7E /* AC3.2-MidtermReview-Contacts */ = {
			isa = PBXGroup;
			children = (
				DE23461F1DF7246B0082CD7E /* Model */,
				DE65C38D1DF727A7006D448A /* Networking */,
				DE2346221DF7249F0082CD7E /* View Controllers */,
				DE2346201DF724790082CD7E /* UI Stuff */,
				DE2346211DF724840082CD7E /* Supporting Files */,
			);
			path = "AC3.2-MidtermReview-Contacts";
			sourceTree = "<group>";
		};
		DE23461F1DF7246B0082CD7E /* Model */ = {
			isa = PBXGroup;
			children = (
				DE2346231DF724C10082CD7E /* Contact.swift */,
			);
			name = Model;
			sourceTree = "<group>";
		};
		DE2346201DF724790082CD7E /* UI Stuff */ = {
			isa = PBXGroup;
			children = (
				DE23460F1DF7241A0082CD7E /* Main.storyboard */,
				DE2346141DF7241A0082CD7E /* LaunchScreen.storyboard */,
			);
			name = "UI Stuff";
			sourceTree = "<group>";
		};
		DE2346211DF724840082CD7E /* Supporting Files */ = {
			isa = PBXGroup;
			children = (
				DE23460B1DF7241A0082CD7E /* AppDelegate.swift */,
				DE2346121DF7241A0082CD7E /* Assets.xcassets */,
				DE2346171DF7241A0082CD7E /* Info.plist */,
			);
			name = "Supporting Files";
			sourceTree = "<group>";
		};
		DE2346221DF7249F0082CD7E /* View Controllers */ = {
			isa = PBXGroup;
			children = (
				DE23461D1DF724660082CD7E /* ContactsTableViewController.swift */,
				DE65C38E1DF743E1006D448A /* AddContactViewController.swift */,
			);
			name = "View Controllers";
			sourceTree = "<group>";
		};
		DE65C38D1DF727A7006D448A /* Networking */ = {
			isa = PBXGroup;
			children = (
				DE65C38B1DF727A2006D448A /* APIManager.swift */,
			);
			name = Networking;
			sourceTree = "<group>";
		};
/* End PBXGroup section */

/* Begin PBXNativeTarget section */
		DE2346071DF7241A0082CD7E /* AC3.2-MidtermReview-Contacts */ = {
			isa = PBXNativeTarget;
			buildConfigurationList = DE23461A1DF7241A0082CD7E /* Build configuration list for PBXNativeTarget "AC3.2-MidtermReview-Contacts" */;
			buildPhases = (
				DE2346041DF7241A0082CD7E /* Sources */,
				DE2346051DF7241A0082CD7E /* Frameworks */,
				DE2346061DF7241A0082CD7E /* Resources */,
			);
			buildRules = (
			);
			dependencies = (
			);
			name = "AC3.2-MidtermReview-Contacts";
			productName = "AC3.2-MidtermReview-Contacts";
			productReference = DE2346081DF7241A0082CD7E /* AC3.2-MidtermReview-Contacts.app */;
			productType = "com.apple.product-type.application";
		};
/* End PBXNativeTarget section */

/* Begin PBXProject section */
		DE2346001DF7241A0082CD7E /* Project object */ = {
			isa = PBXProject;
			attributes = {
				LastSwiftUpdateCheck = 0800;
				LastUpgradeCheck = 0800;
				ORGANIZATIONNAME = "C4Q-3.2";
				TargetAttributes = {
					DE2346071DF7241A0082CD7E = {
						CreatedOnToolsVersion = 8.0;
						ProvisioningStyle = Automatic;
					};
				};
			};
			buildConfigurationList = DE2346031DF7241A0082CD7E /* Build configuration list for PBXProject "AC3.2-MidtermReview-Contacts" */;
			compatibilityVersion = "Xcode 3.2";
			developmentRegion = English;
			hasScannedForEncodings = 0;
			knownRegions = (
				en,
				Base,
			);
			mainGroup = DE2345FF1DF7241A0082CD7E;
			productRefGroup = DE2346091DF7241A0082CD7E /* Products */;
			projectDirPath = "";
			projectRoot = "";
			targets = (
				DE2346071DF7241A0082CD7E /* AC3.2-MidtermReview-Contacts */,
			);
		};
/* End PBXProject section */

/* Begin PBXResourcesBuildPhase section */
		DE2346061DF7241A0082CD7E /* Resources */ = {
			isa = PBXResourcesBuildPhase;
			buildActionMask = 2147483647;
			files = (
				DE2346161DF7241A0082CD7E /* LaunchScreen.storyboard in Resources */,
				DE2346131DF7241A0082CD7E /* Assets.xcassets in Resources */,
				DE2346111DF7241A0082CD7E /* Main.storyboard in Resources */,
			);
			runOnlyForDeploymentPostprocessing = 0;
		};
/* End PBXResourcesBuildPhase section */

/* Begin PBXSourcesBuildPhase section */
		DE2346041DF7241A0082CD7E /* Sources */ = {
			isa = PBXSourcesBuildPhase;
			buildActionMask = 2147483647;
			files = (
				DE65C38F1DF743E1006D448A /* AddContactViewController.swift in Sources */,
				DE65C38C1DF727A2006D448A /* APIManager.swift in Sources */,
				DE2346241DF724C10082CD7E /* Contact.swift in Sources */,
				DE23461E1DF724660082CD7E /* ContactsTableViewController.swift in Sources */,
				DE23460C1DF7241A0082CD7E /* AppDelegate.swift in Sources */,
			);
			runOnlyForDeploymentPostprocessing = 0;
		};
/* End PBXSourcesBuildPhase section */

/* Begin PBXVariantGroup section */
		DE23460F1DF7241A0082CD7E /* Main.storyboard */ = {
			isa = PBXVariantGroup;
			children = (
				DE2346101DF7241A0082CD7E /* Base */,
			);
			name = Main.storyboard;
			sourceTree = "<group>";
		};
		DE2346141DF7241A0082CD7E /* LaunchScreen.storyboard */ = {
			isa = PBXVariantGroup;
			children = (
				DE2346151DF7241A0082CD7E /* Base */,
			);
			name = LaunchScreen.storyboard;
			sourceTree = "<group>";
		};
/* End PBXVariantGroup section */

/* Begin XCBuildConfiguration section */
		DE2346181DF7241A0082CD7E /* Debug */ = {
			isa = XCBuildConfiguration;
			buildSettings = {
				ALWAYS_SEARCH_USER_PATHS = NO;
				CLANG_ANALYZER_NONNULL = YES;
				CLANG_CXX_LANGUAGE_STANDARD = "gnu++0x";
				CLANG_CXX_LIBRARY = "libc++";
				CLANG_ENABLE_MODULES = YES;
				CLANG_ENABLE_OBJC_ARC = YES;
				CLANG_WARN_BOOL_CONVERSION = YES;
				CLANG_WARN_CONSTANT_CONVERSION = YES;
				CLANG_WARN_DIRECT_OBJC_ISA_USAGE = YES_ERROR;
				CLANG_WARN_DOCUMENTATION_COMMENTS = YES;
				CLANG_WARN_EMPTY_BODY = YES;
				CLANG_WARN_ENUM_CONVERSION = YES;
				CLANG_WARN_INFINITE_RECURSION = YES;
				CLANG_WARN_INT_CONVERSION = YES;
				CLANG_WARN_OBJC_ROOT_CLASS = YES_ERROR;
				CLANG_WARN_SUSPICIOUS_MOVES = YES;
				CLANG_WARN_UNREACHABLE_CODE = YES;
				CLANG_WARN__DUPLICATE_METHOD_MATCH = YES;
				"CODE_SIGN_IDENTITY[sdk=iphoneos*]" = "iPhone Developer";
				COPY_PHASE_STRIP = NO;
				DEBUG_INFORMATION_FORMAT = dwarf;
				ENABLE_STRICT_OBJC_MSGSEND = YES;
				ENABLE_TESTABILITY = YES;
				GCC_C_LANGUAGE_STANDARD = gnu99;
				GCC_DYNAMIC_NO_PIC = NO;
				GCC_NO_COMMON_BLOCKS = YES;
				GCC_OPTIMIZATION_LEVEL = 0;
				GCC_PREPROCESSOR_DEFINITIONS = (
					"DEBUG=1",
					"$(inherited)",
				);
				GCC_WARN_64_TO_32_BIT_CONVERSION = YES;
				GCC_WARN_ABOUT_RETURN_TYPE = YES_ERROR;
				GCC_WARN_UNDECLARED_SELECTOR = YES;
				GCC_WARN_UNINITIALIZED_AUTOS = YES_AGGRESSIVE;
				GCC_WARN_UNUSED_FUNCTION = YES;
				GCC_WARN_UNUSED_VARIABLE = YES;
				IPHONEOS_DEPLOYMENT_TARGET = 10.0;
				MTL_ENABLE_DEBUG_INFO = YES;
				ONLY_ACTIVE_ARCH = YES;
				SDKROOT = iphoneos;
				SWIFT_ACTIVE_COMPILATION_CONDITIONS = DEBUG;
				SWIFT_OPTIMIZATION_LEVEL = "-Onone";
				TARGETED_DEVICE_FAMILY = "1,2";
			};
			name = Debug;
		};
		DE2346191DF7241A0082CD7E /* Release */ = {
			isa = XCBuildConfiguration;
			buildSettings = {
				ALWAYS_SEARCH_USER_PATHS = NO;
				CLANG_ANALYZER_NONNULL = YES;
				CLANG_CXX_LANGUAGE_STANDARD = "gnu++0x";
				CLANG_CXX_LIBRARY = "libc++";
				CLANG_ENABLE_MODULES = YES;
				CLANG_ENABLE_OBJC_ARC = YES;
				CLANG_WARN_BOOL_CONVERSION = YES;
				CLANG_WARN_CONSTANT_CONVERSION = YES;
				CLANG_WARN_DIRECT_OBJC_ISA_USAGE = YES_ERROR;
				CLANG_WARN_DOCUMENTATION_COMMENTS = YES;
				CLANG_WARN_EMPTY_BODY = YES;
				CLANG_WARN_ENUM_CONVERSION = YES;
				CLANG_WARN_INFINITE_RECURSION = YES;
				CLANG_WARN_INT_CONVERSION = YES;
				CLANG_WARN_OBJC_ROOT_CLASS = YES_ERROR;
				CLANG_WARN_SUSPICIOUS_MOVES = YES;
				CLANG_WARN_UNREACHABLE_CODE = YES;
				CLANG_WARN__DUPLICATE_METHOD_MATCH = YES;
				"CODE_SIGN_IDENTITY[sdk=iphoneos*]" = "iPhone Developer";
				COPY_PHASE_STRIP = NO;
				DEBUG_INFORMATION_FORMAT = "dwarf-with-dsym";
				ENABLE_NS_ASSERTIONS = NO;
				ENABLE_STRICT_OBJC_MSGSEND = YES;
				GCC_C_LANGUAGE_STANDARD = gnu99;
				GCC_NO_COMMON_BLOCKS = YES;
				GCC_WARN_64_TO_32_BIT_CONVERSION = YES;
				GCC_WARN_ABOUT_RETURN_TYPE = YES_ERROR;
				GCC_WARN_UNDECLARED_SELECTOR = YES;
				GCC_WARN_UNINITIALIZED_AUTOS = YES_AGGRESSIVE;
				GCC_WARN_UNUSED_FUNCTION = YES;
				GCC_WARN_UNUSED_VARIABLE = YES;
				IPHONEOS_DEPLOYMENT_TARGET = 10.0;
				MTL_ENABLE_DEBUG_INFO = NO;
				SDKROOT = iphoneos;
				SWIFT_OPTIMIZATION_LEVEL = "-Owholemodule";
				TARGETED_DEVICE_FAMILY = "1,2";
				VALIDATE_PRODUCT = YES;
			};
			name = Release;
		};
		DE23461B1DF7241A0082CD7E /* Debug */ = {
			isa = XCBuildConfiguration;
			buildSettings = {
				ASSETCATALOG_COMPILER_APPICON_NAME = AppIcon;
				INFOPLIST_FILE = "AC3.2-MidtermReview-Contacts/Info.plist";
				LD_RUNPATH_SEARCH_PATHS = "$(inherited) @executable_path/Frameworks";
				PRODUCT_BUNDLE_IDENTIFIER = "c4q.TomSeymour.AC3-2-MidtermReview-Contacts";
				PRODUCT_NAME = "$(TARGET_NAME)";
				SWIFT_VERSION = 3.0;
			};
			name = Debug;
		};
		DE23461C1DF7241A0082CD7E /* Release */ = {
			isa = XCBuildConfiguration;
			buildSettings = {
				ASSETCATALOG_COMPILER_APPICON_NAME = AppIcon;
				INFOPLIST_FILE = "AC3.2-MidtermReview-Contacts/Info.plist";
				LD_RUNPATH_SEARCH_PATHS = "$(inherited) @executable_path/Frameworks";
				PRODUCT_BUNDLE_IDENTIFIER = "c4q.TomSeymour.AC3-2-MidtermReview-Contacts";
				PRODUCT_NAME = "$(TARGET_NAME)";
				SWIFT_VERSION = 3.0;
			};
			name = Release;
		};
/* End XCBuildConfiguration section */

/* Begin XCConfigurationList section */
		DE2346031DF7241A0082CD7E /* Build configuration list for PBXProject "AC3.2-MidtermReview-Contacts" */ = {
			isa = XCConfigurationList;
			buildConfigurations = (
				DE2346181DF7241A0082CD7E /* Debug */,
				DE2346191DF7241A0082CD7E /* Release */,
			);
			defaultConfigurationIsVisible = 0;
			defaultConfigurationName = Release;
		};
		DE23461A1DF7241A0082CD7E /* Build configuration list for PBXNativeTarget "AC3.2-MidtermReview-Contacts" */ = {
			isa = XCConfigurationList;
			buildConfigurations = (
				DE23461B1DF7241A0082CD7E /* Debug */,
				DE23461C1DF7241A0082CD7E /* Release */,
			);
			defaultConfigurationIsVisible = 0;
			defaultConfigurationName = Release;
		};
/* End XCConfigurationList section */
	};
	rootObject = DE2346001DF7241A0082CD7E /* Project object */;
}
